
Microsoft Visual Studio Solution File, Format Version 12.00
# Visual Studio Version 17
VisualStudioVersion = 17.10.34916.146
MinimumVisualStudioVersion = 10.0.40219.1
Project("{9A19103F-16F7-4668-BE54-9A1E7A4F7556}") = "AlarmAppConsole", "AlarmApp\AlarmAppConsole.csproj", "{6E5EDF70-FCA3-4ADD-B4D8-BAFAB41CDD0A}"
EndProject
Project("{9A19103F-16F7-4668-BE54-9A1E7A4F7556}") = "AlarmpAppGUI", "AlarmpAppGUI\AlarmpAppGUI.csproj", "{CA267C1B-1C20-484D-9C69-4DA8C8181A8B}"
EndProject
Project("{FAE04EC0-301F-11D3-BF4B-00C04F79EFBC}") = "DAL", "DAL\DAL.csproj", "{147BFD56-530D-4A8B-8E56-0BC47525EBAC}"
EndProject
Project("{FAE04EC0-301F-11D3-BF4B-00C04F79EFBC}") = "BLL", "BLL\BLL.csproj", "{22E3FE36-822E-4088-A3D1-761E8D2BAD55}"
EndProject
Global
	GlobalSection(SolutionConfigurationPlatforms) = preSolution
		Debug|Any CPU = Debug|Any CPU
		Release|Any CPU = Release|Any CPU
	EndGlobalSection
	GlobalSection(ProjectConfigurationPlatforms) = postSolution
		{6E5EDF70-FCA3-4ADD-B4D8-BAFAB41CDD0A}.Debug|Any CPU.ActiveCfg = Debug|Any CPU
		{6E5EDF70-FCA3-4ADD-B4D8-BAFAB41CDD0A}.Debug|Any CPU.Build.0 = Debug|Any CPU
		{6E5EDF70-FCA3-4ADD-B4D8-BAFAB41CDD0A}.Release|Any CPU.ActiveCfg = Release|Any CPU
		{6E5EDF70-FCA3-4ADD-B4D8-BAFAB41CDD0A}.Release|Any CPU.Build.0 = Release|Any CPU
		{CA267C1B-1C20-484D-9C69-4DA8C8181A8B}.Debug|Any CPU.ActiveCfg = Debug|Any CPU
		{CA267C1B-1C20-484D-9C69-4DA8C8181A8B}.Debug|Any CPU.Build.0 = Debug|Any CPU
		{CA267C1B-1C20-484D-9C69-4DA8C8181A8B}.Release|Any CPU.ActiveCfg = Release|Any CPU
		{CA267C1B-1C20-484D-9C69-4DA8C8181A8B}.Release|Any CPU.Build.0 = Release|Any CPU
		{147BFD56-530D-4A8B-8E56-0BC47525EBAC}.Debug|Any CPU.ActiveCfg = Debug|Any CPU
		{147BFD56-530D-4A8B-8E56-0BC47525EBAC}.Debug|Any CPU.Build.0 = Debug|Any CPU
		{147BFD56-530D-4A8B-8E56-0BC47525EBAC}.Release|Any CPU.ActiveCfg = Release|Any CPU
		{147BFD56-530D-4A8B-8E56-0BC47525EBAC}.Release|Any CPU.Build.0 = Release|Any CPU
		{22E3FE36-822E-4088-A3D1-761E8D2BAD55}.Debug|Any CPU.ActiveCfg = Debug|Any CPU
		{22E3FE36-822E-4088-A3D1-761E8D2BAD55}.Debug|Any CPU.Build.0 = Debug|Any CPU
		{22E3FE36-822E-4088-A3D1-761E8D2BAD55}.Release|Any CPU.ActiveCfg = Release|Any CPU
		{22E3FE36-822E-4088-A3D1-761E8D2BAD55}.Release|Any CPU.Build.0 = Release|Any CPU
	EndGlobalSection
	GlobalSection(SolutionProperties) = preSolution
		HideSolutionNode = FALSE
	EndGlobalSection
	GlobalSection(ExtensibilityGlobals) = postSolution
		SolutionGuid = {AA098578-6083-4FD3-84E0-F035435CFFA8}
	EndGlobalSection
EndGlobal
